// !$*UTF8*$!
{
	archiveVersion = 1;
	classes = {
	};
	objectVersion = 50;
	objects = {

/* Begin PBXBuildFile section */
		4D3A425420C19CE4007B3996 /* JSONEncoder+Extension.swift in Sources */ = {isa = PBXBuildFile; fileRef = 4D3A425320C19CE4007B3996 /* JSONEncoder+Extension.swift */; };
		4D3A425620C19D59007B3996 /* RequestExecutor.swift in Sources */ = {isa = PBXBuildFile; fileRef = 4D3A425520C19D59007B3996 /* RequestExecutor.swift */; };
		4D3A425820C19E4C007B3996 /* ResponseParser.swift in Sources */ = {isa = PBXBuildFile; fileRef = 4D3A425720C19E4C007B3996 /* ResponseParser.swift */; };
		4D3A425B20C19E9F007B3996 /* HttpRequest.swift in Sources */ = {isa = PBXBuildFile; fileRef = 4D3A425A20C19E9F007B3996 /* HttpRequest.swift */; };
		4D3A426020C1A236007B3996 /* RequestCommand.swift in Sources */ = {isa = PBXBuildFile; fileRef = 4D3A425F20C1A236007B3996 /* RequestCommand.swift */; };
		4D3A426320C1A33D007B3996 /* RequestFetcher.swift in Sources */ = {isa = PBXBuildFile; fileRef = 4D3A426220C1A33D007B3996 /* RequestFetcher.swift */; };
		4D3A426620C1B926007B3996 /* User.swift in Sources */ = {isa = PBXBuildFile; fileRef = 4D3A426520C1B926007B3996 /* User.swift */; };
		4DCF5FAD20C1C98B00F745E6 /* RequestFetcherTests.swift in Sources */ = {isa = PBXBuildFile; fileRef = 4DCF5FAC20C1C98B00F745E6 /* RequestFetcherTests.swift */; };
		8E48B5CCAC419B88E6D4C6E8 /* Pods_PCHNetworkAPI.framework in Frameworks */ = {isa = PBXBuildFile; fileRef = 4F1FD091B3F137D9CF8FAE25 /* Pods_PCHNetworkAPI.framework */; };
		CE01174020BEFCA60019D18A /* AppDelegate.swift in Sources */ = {isa = PBXBuildFile; fileRef = CE01173F20BEFCA60019D18A /* AppDelegate.swift */; };
		CE01174220BEFCA60019D18A /* ViewController.swift in Sources */ = {isa = PBXBuildFile; fileRef = CE01174120BEFCA60019D18A /* ViewController.swift */; };
		CE01174520BEFCA60019D18A /* Main.storyboard in Resources */ = {isa = PBXBuildFile; fileRef = CE01174320BEFCA60019D18A /* Main.storyboard */; };
		CE01174720BEFCAA0019D18A /* Assets.xcassets in Resources */ = {isa = PBXBuildFile; fileRef = CE01174620BEFCAA0019D18A /* Assets.xcassets */; };
		CE01174A20BEFCAA0019D18A /* LaunchScreen.storyboard in Resources */ = {isa = PBXBuildFile; fileRef = CE01174820BEFCAA0019D18A /* LaunchScreen.storyboard */; };
		CE01175620BF02E70019D18A /* NetworkAPI.swift in Sources */ = {isa = PBXBuildFile; fileRef = CE01175520BF02E70019D18A /* NetworkAPI.swift */; };
		CE01175A20BF06F20019D18A /* RequestManager.swift in Sources */ = {isa = PBXBuildFile; fileRef = CE01175920BF06F20019D18A /* RequestManager.swift */; };
		CE01175C20C04D980019D18A /* JSONDecoder+Extension.swift in Sources */ = {isa = PBXBuildFile; fileRef = CE01175B20C04D980019D18A /* JSONDecoder+Extension.swift */; };
		CE01175E20C0958B0019D18A /* Endpoint.swift in Sources */ = {isa = PBXBuildFile; fileRef = CE01175D20C0958B0019D18A /* Endpoint.swift */; };
		E259F9366BB3EE6465920B7B /* Pods_PCHNetworkAPITests.framework in Frameworks */ = {isa = PBXBuildFile; fileRef = C7C8D8989352A93CB61F058F /* Pods_PCHNetworkAPITests.framework */; };
/* End PBXBuildFile section */

/* Begin PBXContainerItemProxy section */
		4DCF5FA520C1C8C500F745E6 /* PBXContainerItemProxy */ = {
			isa = PBXContainerItemProxy;
			containerPortal = CE01173420BEFCA60019D18A /* Project object */;
			proxyType = 1;
			remoteGlobalIDString = CE01173B20BEFCA60019D18A;
			remoteInfo = PCHNetworkAPI;
		};
/* End PBXContainerItemProxy section */

/* Begin PBXFileReference section */
		4D3A425320C19CE4007B3996 /* JSONEncoder+Extension.swift */ = {isa = PBXFileReference; lastKnownFileType = sourcecode.swift; path = "JSONEncoder+Extension.swift"; sourceTree = "<group>"; };
		4D3A425520C19D59007B3996 /* RequestExecutor.swift */ = {isa = PBXFileReference; lastKnownFileType = sourcecode.swift; path = RequestExecutor.swift; sourceTree = "<group>"; };
		4D3A425720C19E4C007B3996 /* ResponseParser.swift */ = {isa = PBXFileReference; lastKnownFileType = sourcecode.swift; path = ResponseParser.swift; sourceTree = "<group>"; };
		4D3A425A20C19E9F007B3996 /* HttpRequest.swift */ = {isa = PBXFileReference; lastKnownFileType = sourcecode.swift; path = HttpRequest.swift; sourceTree = "<group>"; };
		4D3A425F20C1A236007B3996 /* RequestCommand.swift */ = {isa = PBXFileReference; lastKnownFileType = sourcecode.swift; path = RequestCommand.swift; sourceTree = "<group>"; };
		4D3A426220C1A33D007B3996 /* RequestFetcher.swift */ = {isa = PBXFileReference; lastKnownFileType = sourcecode.swift; path = RequestFetcher.swift; sourceTree = "<group>"; };
		4D3A426520C1B926007B3996 /* User.swift */ = {isa = PBXFileReference; lastKnownFileType = sourcecode.swift; path = User.swift; sourceTree = "<group>"; };
		4DCF5FA020C1C8C500F745E6 /* PCHNetworkAPITests.xctest */ = {isa = PBXFileReference; explicitFileType = wrapper.cfbundle; includeInIndex = 0; path = PCHNetworkAPITests.xctest; sourceTree = BUILT_PRODUCTS_DIR; };
		4DCF5FA420C1C8C500F745E6 /* Info.plist */ = {isa = PBXFileReference; lastKnownFileType = text.plist.xml; path = Info.plist; sourceTree = "<group>"; };
		4DCF5FAC20C1C98B00F745E6 /* RequestFetcherTests.swift */ = {isa = PBXFileReference; lastKnownFileType = sourcecode.swift; path = RequestFetcherTests.swift; sourceTree = "<group>"; };
		4F1FD091B3F137D9CF8FAE25 /* Pods_PCHNetworkAPI.framework */ = {isa = PBXFileReference; explicitFileType = wrapper.framework; includeInIndex = 0; path = Pods_PCHNetworkAPI.framework; sourceTree = BUILT_PRODUCTS_DIR; };
		832FCF1E09AE67E0F769FD8E /* Pods-PCHNetworkAPI.release.xcconfig */ = {isa = PBXFileReference; includeInIndex = 1; lastKnownFileType = text.xcconfig; name = "Pods-PCHNetworkAPI.release.xcconfig"; path = "Pods/Target Support Files/Pods-PCHNetworkAPI/Pods-PCHNetworkAPI.release.xcconfig"; sourceTree = "<group>"; };
		902D0294E9B5172322BF5119 /* Pods-PCHNetworkAPITests.debug.xcconfig */ = {isa = PBXFileReference; includeInIndex = 1; lastKnownFileType = text.xcconfig; name = "Pods-PCHNetworkAPITests.debug.xcconfig"; path = "Pods/Target Support Files/Pods-PCHNetworkAPITests/Pods-PCHNetworkAPITests.debug.xcconfig"; sourceTree = "<group>"; };
		9B9D39300F62166FD2F37DE2 /* Pods-PCHNetworkAPI.debug.xcconfig */ = {isa = PBXFileReference; includeInIndex = 1; lastKnownFileType = text.xcconfig; name = "Pods-PCHNetworkAPI.debug.xcconfig"; path = "Pods/Target Support Files/Pods-PCHNetworkAPI/Pods-PCHNetworkAPI.debug.xcconfig"; sourceTree = "<group>"; };
		B109CC7275F6D6D3AAD17358 /* Pods-PCHNetworkAPITests.release.xcconfig */ = {isa = PBXFileReference; includeInIndex = 1; lastKnownFileType = text.xcconfig; name = "Pods-PCHNetworkAPITests.release.xcconfig"; path = "Pods/Target Support Files/Pods-PCHNetworkAPITests/Pods-PCHNetworkAPITests.release.xcconfig"; sourceTree = "<group>"; };
		C7C8D8989352A93CB61F058F /* Pods_PCHNetworkAPITests.framework */ = {isa = PBXFileReference; explicitFileType = wrapper.framework; includeInIndex = 0; path = Pods_PCHNetworkAPITests.framework; sourceTree = BUILT_PRODUCTS_DIR; };
		CE01173C20BEFCA60019D18A /* PCHNetworkAPI.app */ = {isa = PBXFileReference; explicitFileType = wrapper.application; includeInIndex = 0; path = PCHNetworkAPI.app; sourceTree = BUILT_PRODUCTS_DIR; };
		CE01173F20BEFCA60019D18A /* AppDelegate.swift */ = {isa = PBXFileReference; lastKnownFileType = sourcecode.swift; path = AppDelegate.swift; sourceTree = "<group>"; };
		CE01174120BEFCA60019D18A /* ViewController.swift */ = {isa = PBXFileReference; lastKnownFileType = sourcecode.swift; path = ViewController.swift; sourceTree = "<group>"; };
		CE01174420BEFCA60019D18A /* Base */ = {isa = PBXFileReference; lastKnownFileType = file.storyboard; name = Base; path = Base.lproj/Main.storyboard; sourceTree = "<group>"; };
		CE01174620BEFCAA0019D18A /* Assets.xcassets */ = {isa = PBXFileReference; lastKnownFileType = folder.assetcatalog; path = Assets.xcassets; sourceTree = "<group>"; };
		CE01174920BEFCAA0019D18A /* Base */ = {isa = PBXFileReference; lastKnownFileType = file.storyboard; name = Base; path = Base.lproj/LaunchScreen.storyboard; sourceTree = "<group>"; };
		CE01174B20BEFCAA0019D18A /* Info.plist */ = {isa = PBXFileReference; lastKnownFileType = text.plist.xml; path = Info.plist; sourceTree = "<group>"; };
		CE01175520BF02E70019D18A /* NetworkAPI.swift */ = {isa = PBXFileReference; lastKnownFileType = sourcecode.swift; path = NetworkAPI.swift; sourceTree = "<group>"; };
		CE01175920BF06F20019D18A /* RequestManager.swift */ = {isa = PBXFileReference; lastKnownFileType = sourcecode.swift; path = RequestManager.swift; sourceTree = "<group>"; };
		CE01175B20C04D980019D18A /* JSONDecoder+Extension.swift */ = {isa = PBXFileReference; lastKnownFileType = sourcecode.swift; path = "JSONDecoder+Extension.swift"; sourceTree = "<group>"; };
		CE01175D20C0958B0019D18A /* Endpoint.swift */ = {isa = PBXFileReference; lastKnownFileType = sourcecode.swift; path = Endpoint.swift; sourceTree = "<group>"; };
/* End PBXFileReference section */

/* Begin PBXFrameworksBuildPhase section */
		4DCF5F9D20C1C8C500F745E6 /* Frameworks */ = {
			isa = PBXFrameworksBuildPhase;
			buildActionMask = 2147483647;
			files = (
				E259F9366BB3EE6465920B7B /* Pods_PCHNetworkAPITests.framework in Frameworks */,
			);
			runOnlyForDeploymentPostprocessing = 0;
		};
		CE01173920BEFCA60019D18A /* Frameworks */ = {
			isa = PBXFrameworksBuildPhase;
			buildActionMask = 2147483647;
			files = (
				8E48B5CCAC419B88E6D4C6E8 /* Pods_PCHNetworkAPI.framework in Frameworks */,
			);
			runOnlyForDeploymentPostprocessing = 0;
		};
/* End PBXFrameworksBuildPhase section */

/* Begin PBXGroup section */
		4D3A425120C19CCF007B3996 /* Extensions */ = {
			isa = PBXGroup;
			children = (
				4D3A425220C19CD6007B3996 /* JSON */,
			);
			path = Extensions;
			sourceTree = "<group>";
		};
		4D3A425220C19CD6007B3996 /* JSON */ = {
			isa = PBXGroup;
			children = (
				CE01175B20C04D980019D18A /* JSONDecoder+Extension.swift */,
				4D3A425320C19CE4007B3996 /* JSONEncoder+Extension.swift */,
			);
			path = JSON;
			sourceTree = "<group>";
		};
		4D3A425920C19E90007B3996 /* Request */ = {
			isa = PBXGroup;
			children = (
				4D3A425A20C19E9F007B3996 /* HttpRequest.swift */,
			);
			path = Request;
			sourceTree = "<group>";
		};
		4D3A425C20C19EC5007B3996 /* Response */ = {
			isa = PBXGroup;
			children = (
				4D3A425720C19E4C007B3996 /* ResponseParser.swift */,
			);
			path = Response;
			sourceTree = "<group>";
		};
		4D3A425D20C1A1F9007B3996 /* Executor */ = {
			isa = PBXGroup;
			children = (
				4D3A425520C19D59007B3996 /* RequestExecutor.swift */,
			);
			path = Executor;
			sourceTree = "<group>";
		};
		4D3A425E20C1A21B007B3996 /* RequestCommand */ = {
			isa = PBXGroup;
			children = (
				4D3A425F20C1A236007B3996 /* RequestCommand.swift */,
			);
			path = RequestCommand;
			sourceTree = "<group>";
		};
		4D3A426120C1A32A007B3996 /* Request Fetcher */ = {
			isa = PBXGroup;
			children = (
				4D3A426220C1A33D007B3996 /* RequestFetcher.swift */,
			);
			path = "Request Fetcher";
			sourceTree = "<group>";
		};
		4D3A426420C1B91B007B3996 /* Model */ = {
			isa = PBXGroup;
			children = (
				4D3A426520C1B926007B3996 /* User.swift */,
			);
			path = Model;
			sourceTree = "<group>";
		};
		4DCF5FA120C1C8C500F745E6 /* PCHNetworkAPITests */ = {
			isa = PBXGroup;
			children = (
				4DCF5FAA20C1C8F400F745E6 /* NetworkAPI */,
				4DCF5FA420C1C8C500F745E6 /* Info.plist */,
			);
			path = PCHNetworkAPITests;
			sourceTree = "<group>";
		};
		4DCF5FAA20C1C8F400F745E6 /* NetworkAPI */ = {
			isa = PBXGroup;
			children = (
				4DCF5FAB20C1C90C00F745E6 /* Request Fetcher */,
			);
			path = NetworkAPI;
			sourceTree = "<group>";
		};
		4DCF5FAB20C1C90C00F745E6 /* Request Fetcher */ = {
			isa = PBXGroup;
			children = (
				4DCF5FAC20C1C98B00F745E6 /* RequestFetcherTests.swift */,
			);
			path = "Request Fetcher";
			sourceTree = "<group>";
		};
		8E73336DE6BB30A381CC679B /* Pods */ = {
			isa = PBXGroup;
			children = (
				9B9D39300F62166FD2F37DE2 /* Pods-PCHNetworkAPI.debug.xcconfig */,
				832FCF1E09AE67E0F769FD8E /* Pods-PCHNetworkAPI.release.xcconfig */,
				902D0294E9B5172322BF5119 /* Pods-PCHNetworkAPITests.debug.xcconfig */,
				B109CC7275F6D6D3AAD17358 /* Pods-PCHNetworkAPITests.release.xcconfig */,
			);
			name = Pods;
			sourceTree = "<group>";
		};
		9C92B73BD84FC0B270C962A0 /* Frameworks */ = {
			isa = PBXGroup;
			children = (
				4F1FD091B3F137D9CF8FAE25 /* Pods_PCHNetworkAPI.framework */,
				C7C8D8989352A93CB61F058F /* Pods_PCHNetworkAPITests.framework */,
			);
			name = Frameworks;
			sourceTree = "<group>";
		};
		CE01173320BEFCA60019D18A = {
			isa = PBXGroup;
			children = (
				CE01173E20BEFCA60019D18A /* PCHNetworkAPI */,
				4DCF5FA120C1C8C500F745E6 /* PCHNetworkAPITests */,
				CE01173D20BEFCA60019D18A /* Products */,
				8E73336DE6BB30A381CC679B /* Pods */,
				9C92B73BD84FC0B270C962A0 /* Frameworks */,
			);
			sourceTree = "<group>";
		};
		CE01173D20BEFCA60019D18A /* Products */ = {
			isa = PBXGroup;
			children = (
				CE01173C20BEFCA60019D18A /* PCHNetworkAPI.app */,
				4DCF5FA020C1C8C500F745E6 /* PCHNetworkAPITests.xctest */,
			);
			name = Products;
			sourceTree = "<group>";
		};
		CE01173E20BEFCA60019D18A /* PCHNetworkAPI */ = {
			isa = PBXGroup;
			children = (
				CE01175220BEFCD00019D18A /* Resource */,
				CE01175120BEFCC80019D18A /* Source */,
				CE01174B20BEFCAA0019D18A /* Info.plist */,
			);
			path = PCHNetworkAPI;
			sourceTree = "<group>";
		};
		CE01175120BEFCC80019D18A /* Source */ = {
			isa = PBXGroup;
			children = (
				4D3A426420C1B91B007B3996 /* Model */,
				4D3A425120C19CCF007B3996 /* Extensions */,
				CE01175420BEFCF50019D18A /* NetworkAPI */,
				CE01175320BEFCE50019D18A /* ViewController */,
				CE01173F20BEFCA60019D18A /* AppDelegate.swift */,
				CE01174320BEFCA60019D18A /* Main.storyboard */,
				CE01174620BEFCAA0019D18A /* Assets.xcassets */,
				CE01174820BEFCAA0019D18A /* LaunchScreen.storyboard */,
			);
			path = Source;
			sourceTree = "<group>";
		};
		CE01175220BEFCD00019D18A /* Resource */ = {
			isa = PBXGroup;
			children = (
			);
			path = Resource;
			sourceTree = "<group>";
		};
		CE01175320BEFCE50019D18A /* ViewController */ = {
			isa = PBXGroup;
			children = (
				CE01174120BEFCA60019D18A /* ViewController.swift */,
			);
			path = ViewController;
			sourceTree = "<group>";
		};
		CE01175420BEFCF50019D18A /* NetworkAPI */ = {
			isa = PBXGroup;
			children = (
				CE01175820BF06E10019D18A /* RequestManager */,
				CE01175520BF02E70019D18A /* NetworkAPI.swift */,
			);
			path = NetworkAPI;
			sourceTree = "<group>";
		};
		CE01175820BF06E10019D18A /* RequestManager */ = {
			isa = PBXGroup;
			children = (
				4D3A426120C1A32A007B3996 /* Request Fetcher */,
				4D3A425E20C1A21B007B3996 /* RequestCommand */,
				4D3A425D20C1A1F9007B3996 /* Executor */,
				CE01175D20C0958B0019D18A /* Endpoint.swift */,
				4D3A425920C19E90007B3996 /* Request */,
				CE01175920BF06F20019D18A /* RequestManager.swift */,
				4D3A425C20C19EC5007B3996 /* Response */,
			);
			path = RequestManager;
			sourceTree = "<group>";
		};
/* End PBXGroup section */

/* Begin PBXNativeTarget section */
		4DCF5F9F20C1C8C500F745E6 /* PCHNetworkAPITests */ = {
			isa = PBXNativeTarget;
			buildConfigurationList = 4DCF5FA920C1C8C500F745E6 /* Build configuration list for PBXNativeTarget "PCHNetworkAPITests" */;
			buildPhases = (
				FBFB5C68927517EACD1E996E /* [CP] Check Pods Manifest.lock */,
				4DCF5F9C20C1C8C500F745E6 /* Sources */,
				4DCF5F9D20C1C8C500F745E6 /* Frameworks */,
				4DCF5F9E20C1C8C500F745E6 /* Resources */,
				6291B3B1F471653AF5847ED6 /* [CP] Embed Pods Frameworks */,
				171439DD62AFBCF6CB1DF44C /* [CP] Copy Pods Resources */,
			);
			buildRules = (
			);
			dependencies = (
				4DCF5FA620C1C8C500F745E6 /* PBXTargetDependency */,
			);
			name = PCHNetworkAPITests;
			productName = PCHNetworkAPITests;
			productReference = 4DCF5FA020C1C8C500F745E6 /* PCHNetworkAPITests.xctest */;
			productType = "com.apple.product-type.bundle.unit-test";
		};
		CE01173B20BEFCA60019D18A /* PCHNetworkAPI */ = {
			isa = PBXNativeTarget;
			buildConfigurationList = CE01174E20BEFCAA0019D18A /* Build configuration list for PBXNativeTarget "PCHNetworkAPI" */;
			buildPhases = (
				EA662C3842A05C5B440464E1 /* [CP] Check Pods Manifest.lock */,
				CE01173820BEFCA60019D18A /* Sources */,
				CE01173920BEFCA60019D18A /* Frameworks */,
				CE01173A20BEFCA60019D18A /* Resources */,
				6DF03F72101699BD6A816858 /* [CP] Embed Pods Frameworks */,
				FBB78AE1CF6B1980B3299810 /* [CP] Copy Pods Resources */,
				4D3A425020C19AE9007B3996 /* SwiftLint */,
			);
			buildRules = (
			);
			dependencies = (
			);
			name = PCHNetworkAPI;
			productName = PCHNetworkAPI;
			productReference = CE01173C20BEFCA60019D18A /* PCHNetworkAPI.app */;
			productType = "com.apple.product-type.application";
		};
/* End PBXNativeTarget section */

/* Begin PBXProject section */
		CE01173420BEFCA60019D18A /* Project object */ = {
			isa = PBXProject;
			attributes = {
				LastSwiftUpdateCheck = 0930;
				LastUpgradeCheck = 0930;
				ORGANIZATIONNAME = PCH;
				TargetAttributes = {
					4DCF5F9F20C1C8C500F745E6 = {
						CreatedOnToolsVersion = 9.3.1;
						TestTargetID = CE01173B20BEFCA60019D18A;
					};
					CE01173B20BEFCA60019D18A = {
						CreatedOnToolsVersion = 9.3.1;
					};
				};
			};
			buildConfigurationList = CE01173720BEFCA60019D18A /* Build configuration list for PBXProject "PCHNetworkAPI" */;
			compatibilityVersion = "Xcode 9.3";
			developmentRegion = en;
			hasScannedForEncodings = 0;
			knownRegions = (
				en,
				Base,
			);
			mainGroup = CE01173320BEFCA60019D18A;
			productRefGroup = CE01173D20BEFCA60019D18A /* Products */;
			projectDirPath = "";
			projectRoot = "";
			targets = (
				CE01173B20BEFCA60019D18A /* PCHNetworkAPI */,
				4DCF5F9F20C1C8C500F745E6 /* PCHNetworkAPITests */,
			);
		};
/* End PBXProject section */

/* Begin PBXResourcesBuildPhase section */
		4DCF5F9E20C1C8C500F745E6 /* Resources */ = {
			isa = PBXResourcesBuildPhase;
			buildActionMask = 2147483647;
			files = (
			);
			runOnlyForDeploymentPostprocessing = 0;
		};
		CE01173A20BEFCA60019D18A /* Resources */ = {
			isa = PBXResourcesBuildPhase;
			buildActionMask = 2147483647;
			files = (
				CE01174A20BEFCAA0019D18A /* LaunchScreen.storyboard in Resources */,
				CE01174720BEFCAA0019D18A /* Assets.xcassets in Resources */,
				CE01174520BEFCA60019D18A /* Main.storyboard in Resources */,
			);
			runOnlyForDeploymentPostprocessing = 0;
		};
/* End PBXResourcesBuildPhase section */

/* Begin PBXShellScriptBuildPhase section */
		171439DD62AFBCF6CB1DF44C /* [CP] Copy Pods Resources */ = {
			isa = PBXShellScriptBuildPhase;
			buildActionMask = 2147483647;
			files = (
			);
			inputPaths = (
			);
			name = "[CP] Copy Pods Resources";
			outputPaths = (
			);
			runOnlyForDeploymentPostprocessing = 0;
			shellPath = /bin/sh;
			shellScript = "\"${SRCROOT}/Pods/Target Support Files/Pods-PCHNetworkAPITests/Pods-PCHNetworkAPITests-resources.sh\"\n";
			showEnvVarsInLog = 0;
		};
		4D3A425020C19AE9007B3996 /* SwiftLint */ = {
			isa = PBXShellScriptBuildPhase;
			buildActionMask = 2147483647;
			files = (
			);
			inputPaths = (
			);
			name = SwiftLint;
			outputPaths = (
			);
			runOnlyForDeploymentPostprocessing = 0;
			shellPath = /bin/sh;
			shellScript = "if which swiftlint >/dev/null; then\n    swiftlint\nelse\n    echo \"warning: SwiftLint not installed, download from https://github.com/realm/SwiftLint\"\nfi";
		};
		6291B3B1F471653AF5847ED6 /* [CP] Embed Pods Frameworks */ = {
			isa = PBXShellScriptBuildPhase;
			buildActionMask = 2147483647;
			files = (
			);
			inputPaths = (
				"${SRCROOT}/Pods/Target Support Files/Pods-PCHNetworkAPITests/Pods-PCHNetworkAPITests-frameworks.sh",
				"${BUILT_PRODUCTS_DIR}/SwiftHamcrest/Hamcrest.framework",
			);
			name = "[CP] Embed Pods Frameworks";
			outputPaths = (
				"${TARGET_BUILD_DIR}/${FRAMEWORKS_FOLDER_PATH}/Hamcrest.framework",
			);
			runOnlyForDeploymentPostprocessing = 0;
			shellPath = /bin/sh;
			shellScript = "\"${SRCROOT}/Pods/Target Support Files/Pods-PCHNetworkAPITests/Pods-PCHNetworkAPITests-frameworks.sh\"\n";
			showEnvVarsInLog = 0;
		};
		6DF03F72101699BD6A816858 /* [CP] Embed Pods Frameworks */ = {
			isa = PBXShellScriptBuildPhase;
			buildActionMask = 2147483647;
			files = (
			);
			inputPaths = (
				"${SRCROOT}/Pods/Target Support Files/Pods-PCHNetworkAPI/Pods-PCHNetworkAPI-frameworks.sh",
				"${BUILT_PRODUCTS_DIR}/Alamofire/Alamofire.framework",
				"${BUILT_PRODUCTS_DIR}/PromiseKit/PromiseKit.framework",
			);
			name = "[CP] Embed Pods Frameworks";
			outputPaths = (
				"${TARGET_BUILD_DIR}/${FRAMEWORKS_FOLDER_PATH}/Alamofire.framework",
				"${TARGET_BUILD_DIR}/${FRAMEWORKS_FOLDER_PATH}/PromiseKit.framework",
			);
			runOnlyForDeploymentPostprocessing = 0;
			shellPath = /bin/sh;
			shellScript = "\"${SRCROOT}/Pods/Target Support Files/Pods-PCHNetworkAPI/Pods-PCHNetworkAPI-frameworks.sh\"\n";
			showEnvVarsInLog = 0;
		};
		EA662C3842A05C5B440464E1 /* [CP] Check Pods Manifest.lock */ = {
			isa = PBXShellScriptBuildPhase;
			buildActionMask = 2147483647;
			files = (
			);
			inputPaths = (
				"${PODS_PODFILE_DIR_PATH}/Podfile.lock",
				"${PODS_ROOT}/Manifest.lock",
			);
			name = "[CP] Check Pods Manifest.lock";
			outputPaths = (
				"$(DERIVED_FILE_DIR)/Pods-PCHNetworkAPI-checkManifestLockResult.txt",
			);
			runOnlyForDeploymentPostprocessing = 0;
			shellPath = /bin/sh;
			shellScript = "diff \"${PODS_PODFILE_DIR_PATH}/Podfile.lock\" \"${PODS_ROOT}/Manifest.lock\" > /dev/null\nif [ $? != 0 ] ; then\n    # print error to STDERR\n    echo \"error: The sandbox is not in sync with the Podfile.lock. Run 'pod install' or update your CocoaPods installation.\" >&2\n    exit 1\nfi\n# This output is used by Xcode 'outputs' to avoid re-running this script phase.\necho \"SUCCESS\" > \"${SCRIPT_OUTPUT_FILE_0}\"\n";
			showEnvVarsInLog = 0;
		};
		FBB78AE1CF6B1980B3299810 /* [CP] Copy Pods Resources */ = {
			isa = PBXShellScriptBuildPhase;
			buildActionMask = 2147483647;
			files = (
			);
			inputPaths = (
			);
			name = "[CP] Copy Pods Resources";
			outputPaths = (
			);
			runOnlyForDeploymentPostprocessing = 0;
			shellPath = /bin/sh;
			shellScript = "\"${SRCROOT}/Pods/Target Support Files/Pods-PCHNetworkAPI/Pods-PCHNetworkAPI-resources.sh\"\n";
			showEnvVarsInLog = 0;
		};
		FBFB5C68927517EACD1E996E /* [CP] Check Pods Manifest.lock */ = {
			isa = PBXShellScriptBuildPhase;
			buildActionMask = 2147483647;
			files = (
			);
			inputPaths = (
				"${PODS_PODFILE_DIR_PATH}/Podfile.lock",
				"${PODS_ROOT}/Manifest.lock",
			);
			name = "[CP] Check Pods Manifest.lock";
			outputPaths = (
				"$(DERIVED_FILE_DIR)/Pods-PCHNetworkAPITests-checkManifestLockResult.txt",
			);
			runOnlyForDeploymentPostprocessing = 0;
			shellPath = /bin/sh;
			shellScript = "diff \"${PODS_PODFILE_DIR_PATH}/Podfile.lock\" \"${PODS_ROOT}/Manifest.lock\" > /dev/null\nif [ $? != 0 ] ; then\n    # print error to STDERR\n    echo \"error: The sandbox is not in sync with the Podfile.lock. Run 'pod install' or update your CocoaPods installation.\" >&2\n    exit 1\nfi\n# This output is used by Xcode 'outputs' to avoid re-running this script phase.\necho \"SUCCESS\" > \"${SCRIPT_OUTPUT_FILE_0}\"\n";
			showEnvVarsInLog = 0;
		};
/* End PBXShellScriptBuildPhase section */

/* Begin PBXSourcesBuildPhase section */
		4DCF5F9C20C1C8C500F745E6 /* Sources */ = {
			isa = PBXSourcesBuildPhase;
			buildActionMask = 2147483647;
			files = (
				4DCF5FAD20C1C98B00F745E6 /* RequestFetcherTests.swift in Sources */,
			);
			runOnlyForDeploymentPostprocessing = 0;
		};
		CE01173820BEFCA60019D18A /* Sources */ = {
			isa = PBXSourcesBuildPhase;
			buildActionMask = 2147483647;
			files = (
				4D3A426620C1B926007B3996 /* User.swift in Sources */,
				4D3A425620C19D59007B3996 /* RequestExecutor.swift in Sources */,
				4D3A426320C1A33D007B3996 /* RequestFetcher.swift in Sources */,
				4D3A425420C19CE4007B3996 /* JSONEncoder+Extension.swift in Sources */,
				CE01174220BEFCA60019D18A /* ViewController.swift in Sources */,
				4D3A426020C1A236007B3996 /* RequestCommand.swift in Sources */,
				CE01174020BEFCA60019D18A /* AppDelegate.swift in Sources */,
				4D3A425820C19E4C007B3996 /* ResponseParser.swift in Sources */,
				CE01175620BF02E70019D18A /* NetworkAPI.swift in Sources */,
				CE01175C20C04D980019D18A /* JSONDecoder+Extension.swift in Sources */,
				4D3A425B20C19E9F007B3996 /* HttpRequest.swift in Sources */,
				CE01175E20C0958B0019D18A /* Endpoint.swift in Sources */,
				CE01175A20BF06F20019D18A /* RequestManager.swift in Sources */,
			);
			runOnlyForDeploymentPostprocessing = 0;
		};
/* End PBXSourcesBuildPhase section */

/* Begin PBXTargetDependency section */
		4DCF5FA620C1C8C500F745E6 /* PBXTargetDependency */ = {
			isa = PBXTargetDependency;
			target = CE01173B20BEFCA60019D18A /* PCHNetworkAPI */;
			targetProxy = 4DCF5FA520C1C8C500F745E6 /* PBXContainerItemProxy */;
		};
/* End PBXTargetDependency section */

/* Begin PBXVariantGroup section */
		CE01174320BEFCA60019D18A /* Main.storyboard */ = {
			isa = PBXVariantGroup;
			children = (
				CE01174420BEFCA60019D18A /* Base */,
			);
			name = Main.storyboard;
			sourceTree = "<group>";
		};
		CE01174820BEFCAA0019D18A /* LaunchScreen.storyboard */ = {
			isa = PBXVariantGroup;
			children = (
				CE01174920BEFCAA0019D18A /* Base */,
			);
			name = LaunchScreen.storyboard;
			sourceTree = "<group>";
		};
/* End PBXVariantGroup section */

/* Begin XCBuildConfiguration section */
		4DCF5FA720C1C8C500F745E6 /* Debug */ = {
			isa = XCBuildConfiguration;
			baseConfigurationReference = 902D0294E9B5172322BF5119 /* Pods-PCHNetworkAPITests.debug.xcconfig */;
			buildSettings = {
				BUNDLE_LOADER = "$(TEST_HOST)";
				CODE_SIGN_STYLE = Automatic;
				INFOPLIST_FILE = PCHNetworkAPITests/Info.plist;
				LD_RUNPATH_SEARCH_PATHS = (
					"$(inherited)",
					"@executable_path/Frameworks",
					"@loader_path/Frameworks",
				);
				PRODUCT_BUNDLE_IDENTIFIER = com.PCH.PCHNetworkAPITests;
				PRODUCT_NAME = "$(TARGET_NAME)";
				SWIFT_VERSION = 4.0;
				TARGETED_DEVICE_FAMILY = "1,2";
				TEST_HOST = "$(BUILT_PRODUCTS_DIR)/PCHNetworkAPI.app/PCHNetworkAPI";
			};
			name = Debug;
		};
		4DCF5FA820C1C8C500F745E6 /* Release */ = {
			isa = XCBuildConfiguration;
			baseConfigurationReference = B109CC7275F6D6D3AAD17358 /* Pods-PCHNetworkAPITests.release.xcconfig */;
			buildSettings = {
				BUNDLE_LOADER = "$(TEST_HOST)";
				CODE_SIGN_STYLE = Automatic;
				INFOPLIST_FILE = PCHNetworkAPITests/Info.plist;
				LD_RUNPATH_SEARCH_PATHS = (
					"$(inherited)",
					"@executable_path/Frameworks",
					"@loader_path/Frameworks",
				);
				PRODUCT_BUNDLE_IDENTIFIER = com.PCH.PCHNetworkAPITests;
				PRODUCT_NAME = "$(TARGET_NAME)";
				SWIFT_VERSION = 4.0;
				TARGETED_DEVICE_FAMILY = "1,2";
				TEST_HOST = "$(BUILT_PRODUCTS_DIR)/PCHNetworkAPI.app/PCHNetworkAPI";
			};
			name = Release;
		};
		CE01174C20BEFCAA0019D18A /* Debug */ = {
			isa = XCBuildConfiguration;
			buildSettings = {
				ALWAYS_SEARCH_USER_PATHS = NO;
				CLANG_ANALYZER_NONNULL = YES;
				CLANG_ANALYZER_NUMBER_OBJECT_CONVERSION = YES_AGGRESSIVE;
				CLANG_CXX_LANGUAGE_STANDARD = "gnu++14";
				CLANG_CXX_LIBRARY = "libc++";
				CLANG_ENABLE_MODULES = YES;
				CLANG_ENABLE_OBJC_ARC = YES;
				CLANG_ENABLE_OBJC_WEAK = YES;
				CLANG_WARN_BLOCK_CAPTURE_AUTORELEASING = YES;
				CLANG_WARN_BOOL_CONVERSION = YES;
				CLANG_WARN_COMMA = YES;
				CLANG_WARN_CONSTANT_CONVERSION = YES;
				CLANG_WARN_DEPRECATED_OBJC_IMPLEMENTATIONS = YES;
				CLANG_WARN_DIRECT_OBJC_ISA_USAGE = YES_ERROR;
				CLANG_WARN_DOCUMENTATION_COMMENTS = YES;
				CLANG_WARN_EMPTY_BODY = YES;
				CLANG_WARN_ENUM_CONVERSION = YES;
				CLANG_WARN_INFINITE_RECURSION = YES;
				CLANG_WARN_INT_CONVERSION = YES;
				CLANG_WARN_NON_LITERAL_NULL_CONVERSION = YES;
				CLANG_WARN_OBJC_IMPLICIT_RETAIN_SELF = YES;
				CLANG_WARN_OBJC_LITERAL_CONVERSION = YES;
				CLANG_WARN_OBJC_ROOT_CLASS = YES_ERROR;
				CLANG_WARN_RANGE_LOOP_ANALYSIS = YES;
				CLANG_WARN_STRICT_PROTOTYPES = YES;
				CLANG_WARN_SUSPICIOUS_MOVE = YES;
				CLANG_WARN_UNGUARDED_AVAILABILITY = YES_AGGRESSIVE;
				CLANG_WARN_UNREACHABLE_CODE = YES;
				CLANG_WARN__DUPLICATE_METHOD_MATCH = YES;
				CODE_SIGN_IDENTITY = "iPhone Developer";
				COPY_PHASE_STRIP = NO;
				DEBUG_INFORMATION_FORMAT = dwarf;
				ENABLE_STRICT_OBJC_MSGSEND = YES;
				ENABLE_TESTABILITY = YES;
				GCC_C_LANGUAGE_STANDARD = gnu11;
				GCC_DYNAMIC_NO_PIC = NO;
				GCC_NO_COMMON_BLOCKS = YES;
				GCC_OPTIMIZATION_LEVEL = 0;
				GCC_PREPROCESSOR_DEFINITIONS = (
					"DEBUG=1",
					"$(inherited)",
				);
				GCC_WARN_64_TO_32_BIT_CONVERSION = YES;
				GCC_WARN_ABOUT_RETURN_TYPE = YES_ERROR;
				GCC_WARN_UNDECLARED_SELECTOR = YES;
				GCC_WARN_UNINITIALIZED_AUTOS = YES_AGGRESSIVE;
				GCC_WARN_UNUSED_FUNCTION = YES;
				GCC_WARN_UNUSED_VARIABLE = YES;
				IPHONEOS_DEPLOYMENT_TARGET = 11.3;
				MTL_ENABLE_DEBUG_INFO = YES;
				ONLY_ACTIVE_ARCH = YES;
				SDKROOT = iphoneos;
				SWIFT_ACTIVE_COMPILATION_CONDITIONS = DEBUG;
				SWIFT_OPTIMIZATION_LEVEL = "-Onone";
			};
			name = Debug;
		};
		CE01174D20BEFCAA0019D18A /* Release */ = {
			isa = XCBuildConfiguration;
			buildSettings = {
				ALWAYS_SEARCH_USER_PATHS = NO;
				CLANG_ANALYZER_NONNULL = YES;
				CLANG_ANALYZER_NUMBER_OBJECT_CONVERSION = YES_AGGRESSIVE;
				CLANG_CXX_LANGUAGE_STANDARD = "gnu++14";
				CLANG_CXX_LIBRARY = "libc++";
				CLANG_ENABLE_MODULES = YES;
				CLANG_ENABLE_OBJC_ARC = YES;
				CLANG_ENABLE_OBJC_WEAK = YES;
				CLANG_WARN_BLOCK_CAPTURE_AUTORELEASING = YES;
				CLANG_WARN_BOOL_CONVERSION = YES;
				CLANG_WARN_COMMA = YES;
				CLANG_WARN_CONSTANT_CONVERSION = YES;
				CLANG_WARN_DEPRECATED_OBJC_IMPLEMENTATIONS = YES;
				CLANG_WARN_DIRECT_OBJC_ISA_USAGE = YES_ERROR;
				CLANG_WARN_DOCUMENTATION_COMMENTS = YES;
				CLANG_WARN_EMPTY_BODY = YES;
				CLANG_WARN_ENUM_CONVERSION = YES;
				CLANG_WARN_INFINITE_RECURSION = YES;
				CLANG_WARN_INT_CONVERSION = YES;
				CLANG_WARN_NON_LITERAL_NULL_CONVERSION = YES;
				CLANG_WARN_OBJC_IMPLICIT_RETAIN_SELF = YES;
				CLANG_WARN_OBJC_LITERAL_CONVERSION = YES;
				CLANG_WARN_OBJC_ROOT_CLASS = YES_ERROR;
				CLANG_WARN_RANGE_LOOP_ANALYSIS = YES;
				CLANG_WARN_STRICT_PROTOTYPES = YES;
				CLANG_WARN_SUSPICIOUS_MOVE = YES;
				CLANG_WARN_UNGUARDED_AVAILABILITY = YES_AGGRESSIVE;
				CLANG_WARN_UNREACHABLE_CODE = YES;
				CLANG_WARN__DUPLICATE_METHOD_MATCH = YES;
				CODE_SIGN_IDENTITY = "iPhone Developer";
				COPY_PHASE_STRIP = NO;
				DEBUG_INFORMATION_FORMAT = "dwarf-with-dsym";
				ENABLE_NS_ASSERTIONS = NO;
				ENABLE_STRICT_OBJC_MSGSEND = YES;
				GCC_C_LANGUAGE_STANDARD = gnu11;
				GCC_NO_COMMON_BLOCKS = YES;
				GCC_WARN_64_TO_32_BIT_CONVERSION = YES;
				GCC_WARN_ABOUT_RETURN_TYPE = YES_ERROR;
				GCC_WARN_UNDECLARED_SELECTOR = YES;
				GCC_WARN_UNINITIALIZED_AUTOS = YES_AGGRESSIVE;
				GCC_WARN_UNUSED_FUNCTION = YES;
				GCC_WARN_UNUSED_VARIABLE = YES;
				IPHONEOS_DEPLOYMENT_TARGET = 11.3;
				MTL_ENABLE_DEBUG_INFO = NO;
				SDKROOT = iphoneos;
				SWIFT_COMPILATION_MODE = wholemodule;
				SWIFT_OPTIMIZATION_LEVEL = "-O";
				VALIDATE_PRODUCT = YES;
			};
			name = Release;
		};
		CE01174F20BEFCAA0019D18A /* Debug */ = {
			isa = XCBuildConfiguration;
			baseConfigurationReference = 9B9D39300F62166FD2F37DE2 /* Pods-PCHNetworkAPI.debug.xcconfig */;
			buildSettings = {
				ASSETCATALOG_COMPILER_APPICON_NAME = AppIcon;
				CODE_SIGN_STYLE = Automatic;
				DEVELOPMENT_TEAM = 684XXF3TWU;
				INFOPLIST_FILE = PCHNetworkAPI/Info.plist;
				LD_RUNPATH_SEARCH_PATHS = (
					"$(inherited)",
					"@executable_path/Frameworks",
				);
				PRODUCT_BUNDLE_IDENTIFIER = PCH.PCHNetworkAPI;
				PRODUCT_NAME = "$(TARGET_NAME)";
				SWIFT_VERSION = 4.0;
				TARGETED_DEVICE_FAMILY = "1,2";
			};
			name = Debug;
		};
		CE01175020BEFCAA0019D18A /* Release */ = {
			isa = XCBuildConfiguration;
			baseConfigurationReference = 832FCF1E09AE67E0F769FD8E /* Pods-PCHNetworkAPI.release.xcconfig */;
			buildSettings = {
				ASSETCATALOG_COMPILER_APPICON_NAME = AppIcon;
				CODE_SIGN_STYLE = Automatic;
				DEVELOPMENT_TEAM = 684XXF3TWU;
				INFOPLIST_FILE = PCHNetworkAPI/Info.plist;
				LD_RUNPATH_SEARCH_PATHS = (
					"$(inherited)",
					"@executable_path/Frameworks",
				);
				PRODUCT_BUNDLE_IDENTIFIER = PCH.PCHNetworkAPI;
				PRODUCT_NAME = "$(TARGET_NAME)";
				SWIFT_VERSION = 4.0;
				TARGETED_DEVICE_FAMILY = "1,2";
			};
			name = Release;
		};
/* End XCBuildConfiguration section */

/* Begin XCConfigurationList section */
		4DCF5FA920C1C8C500F745E6 /* Build configuration list for PBXNativeTarget "PCHNetworkAPITests" */ = {
			isa = XCConfigurationList;
			buildConfigurations = (
				4DCF5FA720C1C8C500F745E6 /* Debug */,
				4DCF5FA820C1C8C500F745E6 /* Release */,
			);
			defaultConfigurationIsVisible = 0;
			defaultConfigurationName = Release;
		};
		CE01173720BEFCA60019D18A /* Build configuration list for PBXProject "PCHNetworkAPI" */ = {
			isa = XCConfigurationList;
			buildConfigurations = (
				CE01174C20BEFCAA0019D18A /* Debug */,
				CE01174D20BEFCAA0019D18A /* Release */,
			);
			defaultConfigurationIsVisible = 0;
			defaultConfigurationName = Release;
		};
		CE01174E20BEFCAA0019D18A /* Build configuration list for PBXNativeTarget "PCHNetworkAPI" */ = {
			isa = XCConfigurationList;
			buildConfigurations = (
				CE01174F20BEFCAA0019D18A /* Debug */,
				CE01175020BEFCAA0019D18A /* Release */,
			);
			defaultConfigurationIsVisible = 0;
			defaultConfigurationName = Release;
		};
/* End XCConfigurationList section */
	};
	rootObject = CE01173420BEFCA60019D18A /* Project object */;
}
