PODS:
  - Alamofire (4.7.2)
  - PromiseKit (6.2.8):
    - PromiseKit/CorePromise (= 6.2.8)
    - PromiseKit/Foundation (= 6.2.8)
    - PromiseKit/UIKit (= 6.2.8)
  - PromiseKit/CorePromise (6.2.8)
  - PromiseKit/Foundation (6.2.8):
    - PromiseKit/CorePromise
  - PromiseKit/UIKit (6.2.8):
    - PromiseKit/CorePromise
  - ReactiveSwift (3.1.0):
    - Result (~> 3.2)
  - Result (3.2.4)
  - SwiftHamcrest (2.0.0)

DEPENDENCIES:
  - Alamofire
  - PromiseKit (~> 6.0)
  - ReactiveSwift
  - SwiftHamcrest

SPEC CHECKSUMS:
  Alamofire: e4fa87002c137ba2d8d634d2c51fabcda0d5c223
  PromiseKit: 6788ce1a0ed5448b83d4aaf56b9fc49fb7647d32
  ReactiveSwift: 5b26d2e988fe0eed2daf48c4054d1de74db50184
  Result: d2d07204ce72856f1fd9130bbe42c35a7b0fea10
  SwiftHamcrest: 4b5cd9a1294b461d217ff9f834b9b1cedd6b3e76

PODFILE CHECKSUM: d3d87ab283ed3baee1982ee5da041c33c5fcb2dc

COCOAPODS: 1.4.0
